
Microsoft Visual Studio Solution File, Format Version 12.00
# Visual Studio 14
VisualStudioVersion = 14.0.25123.0
MinimumVisualStudioVersion = 10.0.40219.1
Project("{2150E333-8FDC-42A3-9474-1A3956D46DE8}") = "01 Datos", "01 Datos", "{634F7D08-5A7E-4A2D-929A-8E4FFC4A9187}"
EndProject
Project("{2150E333-8FDC-42A3-9474-1A3956D46DE8}") = "02 Logica Negocio", "02 Logica Negocio", "{A90E5D2F-3536-471F-BD90-48ECE7A2650A}"
EndProject
Project("{2150E333-8FDC-42A3-9474-1A3956D46DE8}") = "03 Servicio", "03 Servicio", "{7D1FED06-4079-4AA3-AFF4-B4FD2DC04EA7}"
EndProject
Project("{2150E333-8FDC-42A3-9474-1A3956D46DE8}") = "04 Presentacion", "04 Presentacion", "{CF8D8DB2-1BAB-494A-B10F-127295417238}"
EndProject
Project("{FAE04EC0-301F-11D3-BF4B-00C04F79EFBC}") = "GRP.Datos", "GRP.Datos\GRP.Datos.csproj", "{B9C30CF0-455B-4914-A6B7-79B3D915C018}"
EndProject
Project("{FAE04EC0-301F-11D3-BF4B-00C04F79EFBC}") = "GRP.Entidades", "GRP.Entidades\GRP.Entidades.csproj", "{0C077884-2540-4143-A8FC-EDA58881541D}"
EndProject
Project("{FAE04EC0-301F-11D3-BF4B-00C04F79EFBC}") = "GRP.Negocio", "GRP.Negocio\GRP.Negocio.csproj", "{48A74453-365A-4C3A-A139-C7F9FC339C81}"
EndProject
Project("{FAE04EC0-301F-11D3-BF4B-00C04F79EFBC}") = "GRP.WebApi", "GRP.WebApi\GRP.WebApi.csproj", "{FC763D1D-0E5F-4635-BD69-F3CDE26F899F}"
EndProject
Project("{FAE04EC0-301F-11D3-BF4B-00C04F79EFBC}") = "GRP.AppWeb", "GRP.AppWeb\GRP.AppWeb.csproj", "{61C3F70B-0A5A-43A6-A5A9-A41C7B1832E0}"
EndProject
Global
	GlobalSection(SolutionConfigurationPlatforms) = preSolution
		Debug|Any CPU = Debug|Any CPU
		Release|Any CPU = Release|Any CPU
	EndGlobalSection
	GlobalSection(ProjectConfigurationPlatforms) = postSolution
		{B9C30CF0-455B-4914-A6B7-79B3D915C018}.Debug|Any CPU.ActiveCfg = Debug|Any CPU
		{B9C30CF0-455B-4914-A6B7-79B3D915C018}.Debug|Any CPU.Build.0 = Debug|Any CPU
		{B9C30CF0-455B-4914-A6B7-79B3D915C018}.Release|Any CPU.ActiveCfg = Release|Any CPU
		{B9C30CF0-455B-4914-A6B7-79B3D915C018}.Release|Any CPU.Build.0 = Release|Any CPU
		{0C077884-2540-4143-A8FC-EDA58881541D}.Debug|Any CPU.ActiveCfg = Debug|Any CPU
		{0C077884-2540-4143-A8FC-EDA58881541D}.Debug|Any CPU.Build.0 = Debug|Any CPU
		{0C077884-2540-4143-A8FC-EDA58881541D}.Release|Any CPU.ActiveCfg = Release|Any CPU
		{0C077884-2540-4143-A8FC-EDA58881541D}.Release|Any CPU.Build.0 = Release|Any CPU
		{48A74453-365A-4C3A-A139-C7F9FC339C81}.Debug|Any CPU.ActiveCfg = Debug|Any CPU
		{48A74453-365A-4C3A-A139-C7F9FC339C81}.Debug|Any CPU.Build.0 = Debug|Any CPU
		{48A74453-365A-4C3A-A139-C7F9FC339C81}.Release|Any CPU.ActiveCfg = Release|Any CPU
		{48A74453-365A-4C3A-A139-C7F9FC339C81}.Release|Any CPU.Build.0 = Release|Any CPU
		{FC763D1D-0E5F-4635-BD69-F3CDE26F899F}.Debug|Any CPU.ActiveCfg = Debug|Any CPU
		{FC763D1D-0E5F-4635-BD69-F3CDE26F899F}.Debug|Any CPU.Build.0 = Debug|Any CPU
		{FC763D1D-0E5F-4635-BD69-F3CDE26F899F}.Release|Any CPU.ActiveCfg = Release|Any CPU
		{FC763D1D-0E5F-4635-BD69-F3CDE26F899F}.Release|Any CPU.Build.0 = Release|Any CPU
		{61C3F70B-0A5A-43A6-A5A9-A41C7B1832E0}.Debug|Any CPU.ActiveCfg = Debug|Any CPU
		{61C3F70B-0A5A-43A6-A5A9-A41C7B1832E0}.Debug|Any CPU.Build.0 = Debug|Any CPU
		{61C3F70B-0A5A-43A6-A5A9-A41C7B1832E0}.Release|Any CPU.ActiveCfg = Release|Any CPU
		{61C3F70B-0A5A-43A6-A5A9-A41C7B1832E0}.Release|Any CPU.Build.0 = Release|Any CPU
	EndGlobalSection
	GlobalSection(SolutionProperties) = preSolution
		HideSolutionNode = FALSE
	EndGlobalSection
	GlobalSection(NestedProjects) = preSolution
		{B9C30CF0-455B-4914-A6B7-79B3D915C018} = {634F7D08-5A7E-4A2D-929A-8E4FFC4A9187}
		{0C077884-2540-4143-A8FC-EDA58881541D} = {A90E5D2F-3536-471F-BD90-48ECE7A2650A}
		{48A74453-365A-4C3A-A139-C7F9FC339C81} = {A90E5D2F-3536-471F-BD90-48ECE7A2650A}
		{FC763D1D-0E5F-4635-BD69-F3CDE26F899F} = {7D1FED06-4079-4AA3-AFF4-B4FD2DC04EA7}
		{61C3F70B-0A5A-43A6-A5A9-A41C7B1832E0} = {CF8D8DB2-1BAB-494A-B10F-127295417238}
	EndGlobalSection
EndGlobal
